github.com/justverena/ATLA v0.0.0-20240309045729-142dd29816ca h1:qOM4VYvmZHTzG/C8itLWqus30JAgh3vEBEuS4ppi5Kg=
github.com/justverena/ATLA v0.0.0-20240309045729-142dd29816ca/go.mod h1:PNedkvk9VZtLCTbXtdo1iV26N7DnGti257jkMqXe4OI=
github.com/gorilla/mux v1.8.1 h1:TuBL49tXwgrFYWhqrNgrUNEY92u81SPhu7sTdzQEiWY=
github.com/gorilla/mux v1.8.1/go.mod h1:AKf9I4AEqPTmMytcMc0KkNouC66V3BtZ4qD5fmWSiMQ=
github.com/lib/pq v1.10.9 h1:YXG7RB+JIjhP29X+OtkiDnYaXQwpS4JEWq7dtCCRUEw=
github.com/lib/pq v1.10.9/go.mod h1:AlVN5x4E4T544tWzH6hKfbfQvm3HdbOxrmggDNAPY9o=
